PODS:
  - Canvas (0.1.2)
  - GoogleMaps (1.10.5)
  - OHHTTPStubs (4.5.0):
    - OHHTTPStubs/Default (= 4.5.0)
  - OHHTTPStubs/Core (4.5.0)
  - OHHTTPStubs/Default (4.5.0):
    - OHHTTPStubs/Core
    - OHHTTPStubs/JSON
    - OHHTTPStubs/NSURLSession
    - OHHTTPStubs/OHPathHelpers
  - OHHTTPStubs/JSON (4.5.0):
    - OHHTTPStubs/Core
  - OHHTTPStubs/NSURLSession (4.5.0):
    - OHHTTPStubs/Core
  - OHHTTPStubs/OHPathHelpers (4.5.0)
  - SwiftyJSON (2.3.1)

DEPENDENCIES:
  - Canvas
  - GoogleMaps
  - OHHTTPStubs
  - SwiftyJSON

SPEC CHECKSUMS:
  Canvas: eb861e3b555d032648146c8ffda1a5dea40059ca
  GoogleMaps: da51c62c338c2d9c47cdad470a0d1e0e4b8544e4
  OHHTTPStubs: e573e76dd8bcd7ee5fcc6c3d86251551f4261e0c
  SwiftyJSON: 592b53bee5ef3dd9b3bebc6b9cb7ee35426ae8c3

COCOAPODS: 0.39.0.beta.4
